// !$*UTF8*$!
{
	archiveVersion = 1;
	classes = {
	};
	objectVersion = 56;
	objects = {

/* Begin PBXBuildFile section */
		B72EB9A129F707BC00822595 /* FeedView.swift in Sources */ = {isa = PBXBuildFile; fileRef = B72EB9A029F707BC00822595 /* FeedView.swift */; };
		B72EB9A429F708F700822595 /* TweetRowView.swift in Sources */ = {isa = PBXBuildFile; fileRef = B72EB9A329F708F700822595 /* TweetRowView.swift */; };
		B72EB9A729F70EF000822595 /* MainTabView.swift in Sources */ = {isa = PBXBuildFile; fileRef = B72EB9A629F70EF000822595 /* MainTabView.swift */; };
		B72EB9AD29F7100B00822595 /* ExploreView.swift in Sources */ = {isa = PBXBuildFile; fileRef = B72EB9AC29F7100B00822595 /* ExploreView.swift */; };
		B72EB9AF29F7110800822595 /* NotificationsView.swift in Sources */ = {isa = PBXBuildFile; fileRef = B72EB9AE29F7110800822595 /* NotificationsView.swift */; };
		B72EB9B129F7113600822595 /* MessagesView.swift in Sources */ = {isa = PBXBuildFile; fileRef = B72EB9B029F7113600822595 /* MessagesView.swift */; };
		B7AD63FD29F6F48F0058A59E /* TwitterSwiftUICloneApp.swift in Sources */ = {isa = PBXBuildFile; fileRef = B7AD63FC29F6F48F0058A59E /* TwitterSwiftUICloneApp.swift */; };
		B7AD63FF29F6F48F0058A59E /* ContentView.swift in Sources */ = {isa = PBXBuildFile; fileRef = B7AD63FE29F6F48F0058A59E /* ContentView.swift */; };
		B7AD640129F6F4900058A59E /* Assets.xcassets in Resources */ = {isa = PBXBuildFile; fileRef = B7AD640029F6F4900058A59E /* Assets.xcassets */; };
		B7AD640429F6F4900058A59E /* Preview Assets.xcassets in Resources */ = {isa = PBXBuildFile; fileRef = B7AD640329F6F4900058A59E /* Preview Assets.xcassets */; };
/* End PBXBuildFile section */

/* Begin PBXFileReference section */
		B72EB9A029F707BC00822595 /* FeedView.swift */ = {isa = PBXFileReference; lastKnownFileType = sourcecode.swift; path = FeedView.swift; sourceTree = "<group>"; };
		B72EB9A329F708F700822595 /* TweetRowView.swift */ = {isa = PBXFileReference; lastKnownFileType = sourcecode.swift; path = TweetRowView.swift; sourceTree = "<group>"; };
		B72EB9A629F70EF000822595 /* MainTabView.swift */ = {isa = PBXFileReference; lastKnownFileType = sourcecode.swift; path = MainTabView.swift; sourceTree = "<group>"; };
		B72EB9AC29F7100B00822595 /* ExploreView.swift */ = {isa = PBXFileReference; lastKnownFileType = sourcecode.swift; path = ExploreView.swift; sourceTree = "<group>"; };
		B72EB9AE29F7110800822595 /* NotificationsView.swift */ = {isa = PBXFileReference; lastKnownFileType = sourcecode.swift; path = NotificationsView.swift; sourceTree = "<group>"; };
		B72EB9B029F7113600822595 /* MessagesView.swift */ = {isa = PBXFileReference; lastKnownFileType = sourcecode.swift; path = MessagesView.swift; sourceTree = "<group>"; };
		B7AD63F929F6F48F0058A59E /* TwitterSwiftUIClone.app */ = {isa = PBXFileReference; explicitFileType = wrapper.application; includeInIndex = 0; path = TwitterSwiftUIClone.app; sourceTree = BUILT_PRODUCTS_DIR; };
		B7AD63FC29F6F48F0058A59E /* TwitterSwiftUICloneApp.swift */ = {isa = PBXFileReference; lastKnownFileType = sourcecode.swift; path = TwitterSwiftUICloneApp.swift; sourceTree = "<group>"; };
		B7AD63FE29F6F48F0058A59E /* ContentView.swift */ = {isa = PBXFileReference; lastKnownFileType = sourcecode.swift; path = ContentView.swift; sourceTree = "<group>"; };
		B7AD640029F6F4900058A59E /* Assets.xcassets */ = {isa = PBXFileReference; lastKnownFileType = folder.assetcatalog; path = Assets.xcassets; sourceTree = "<group>"; };
		B7AD640329F6F4900058A59E /* Preview Assets.xcassets */ = {isa = PBXFileReference; lastKnownFileType = folder.assetcatalog; path = "Preview Assets.xcassets"; sourceTree = "<group>"; };
/* End PBXFileReference section */

/* Begin PBXFrameworksBuildPhase section */
		B7AD63F629F6F48F0058A59E /* Frameworks */ = {
			isa = PBXFrameworksBuildPhase;
			buildActionMask = 2147483647;
			files = (
			);
			runOnlyForDeploymentPostprocessing = 0;
		};
/* End PBXFrameworksBuildPhase section */

/* Begin PBXGroup section */
		B72EB99829F706D500822595 /* Extensions */ = {
			isa = PBXGroup;
			children = (
			);
			path = Extensions;
			sourceTree = "<group>";
		};
		B72EB99929F706F300822595 /* Model */ = {
			isa = PBXGroup;
			children = (
			);
			path = Model;
			sourceTree = "<group>";
		};
		B72EB99A29F706F700822595 /* Core */ = {
			isa = PBXGroup;
			children = (
				B72EB99C29F7072A00822595 /* Components */,
				B72EB9AB29F70FE300822595 /* Profile */,
				B72EB9AA29F70FCC00822595 /* Messages */,
				B72EB9A929F70FBF00822595 /* Notifications */,
				B72EB9A829F70FA700822595 /* Explore */,
				B72EB9A529F70ED600822595 /* MainTab */,
				B72EB99D29F7074000822595 /* Feed */,
			);
			path = Core;
			sourceTree = "<group>";
		};
		B72EB99B29F706FA00822595 /* Service */ = {
			isa = PBXGroup;
			children = (
			);
			path = Service;
			sourceTree = "<group>";
		};
		B72EB99C29F7072A00822595 /* Components */ = {
			isa = PBXGroup;
			children = (
				B72EB9A229F7084B00822595 /* Tweets */,
			);
			path = Components;
			sourceTree = "<group>";
		};
		B72EB99D29F7074000822595 /* Feed */ = {
			isa = PBXGroup;
			children = (
				B72EB99F29F7079500822595 /* Views */,
				B72EB99E29F7078600822595 /* ViewModels */,
			);
			path = Feed;
			sourceTree = "<group>";
		};
		B72EB99E29F7078600822595 /* ViewModels */ = {
			isa = PBXGroup;
			children = (
			);
			path = ViewModels;
			sourceTree = "<group>";
		};
		B72EB99F29F7079500822595 /* Views */ = {
			isa = PBXGroup;
			children = (
				B72EB9A029F707BC00822595 /* FeedView.swift */,
			);
			path = Views;
			sourceTree = "<group>";
		};
		B72EB9A229F7084B00822595 /* Tweets */ = {
			isa = PBXGroup;
			children = (
				B72EB9A329F708F700822595 /* TweetRowView.swift */,
			);
			path = Tweets;
			sourceTree = "<group>";
		};
		B72EB9A529F70ED600822595 /* MainTab */ = {
			isa = PBXGroup;
			children = (
				B72EB9A629F70EF000822595 /* MainTabView.swift */,
			);
			path = MainTab;
			sourceTree = "<group>";
		};
		B72EB9A829F70FA700822595 /* Explore */ = {
			isa = PBXGroup;
			children = (
				B72EB9AC29F7100B00822595 /* ExploreView.swift */,
			);
			path = Explore;
			sourceTree = "<group>";
		};
		B72EB9A929F70FBF00822595 /* Notifications */ = {
			isa = PBXGroup;
			children = (
				B72EB9AE29F7110800822595 /* NotificationsView.swift */,
			);
			path = Notifications;
			sourceTree = "<group>";
		};
		B72EB9AA29F70FCC00822595 /* Messages */ = {
			isa = PBXGroup;
			children = (
				B72EB9B029F7113600822595 /* MessagesView.swift */,
			);
			path = Messages;
			sourceTree = "<group>";
		};
		B72EB9AB29F70FE300822595 /* Profile */ = {
			isa = PBXGroup;
			children = (
			);
			path = Profile;
			sourceTree = "<group>";
		};
		B7AD63F029F6F48F0058A59E = {
			isa = PBXGroup;
			children = (
				B7AD63FB29F6F48F0058A59E /* TwitterSwiftUIClone */,
				B7AD63FA29F6F48F0058A59E /* Products */,
			);
			sourceTree = "<group>";
		};
		B7AD63FA29F6F48F0058A59E /* Products */ = {
			isa = PBXGroup;
			children = (
				B7AD63F929F6F48F0058A59E /* TwitterSwiftUIClone.app */,
			);
			name = Products;
			sourceTree = "<group>";
		};
		B7AD63FB29F6F48F0058A59E /* TwitterSwiftUIClone */ = {
			isa = PBXGroup;
			children = (
				B72EB99B29F706FA00822595 /* Service */,
				B72EB99A29F706F700822595 /* Core */,
				B72EB99929F706F300822595 /* Model */,
				B72EB99829F706D500822595 /* Extensions */,
				B7AD63FC29F6F48F0058A59E /* TwitterSwiftUICloneApp.swift */,
				B7AD63FE29F6F48F0058A59E /* ContentView.swift */,
				B7AD640029F6F4900058A59E /* Assets.xcassets */,
				B7AD640229F6F4900058A59E /* Preview Content */,
			);
			path = TwitterSwiftUIClone;
			sourceTree = "<group>";
		};
		B7AD640229F6F4900058A59E /* Preview Content */ = {
			isa = PBXGroup;
			children = (
				B7AD640329F6F4900058A59E /* Preview Assets.xcassets */,
			);
			path = "Preview Content";
			sourceTree = "<group>";
		};
/* End PBXGroup section */

/* Begin PBXNativeTarget section */
		B7AD63F829F6F48F0058A59E /* TwitterSwiftUIClone */ = {
			isa = PBXNativeTarget;
			buildConfigurationList = B7AD640729F6F4900058A59E /* Build configuration list for PBXNativeTarget "TwitterSwiftUIClone" */;
			buildPhases = (
				B7AD63F529F6F48F0058A59E /* Sources */,
				B7AD63F629F6F48F0058A59E /* Frameworks */,
				B7AD63F729F6F48F0058A59E /* Resources */,
			);
			buildRules = (
			);
			dependencies = (
			);
			name = TwitterSwiftUIClone;
			productName = TwitterSwiftUIClone;
			productReference = B7AD63F929F6F48F0058A59E /* TwitterSwiftUIClone.app */;
			productType = "com.apple.product-type.application";
		};
/* End PBXNativeTarget section */

/* Begin PBXProject section */
		B7AD63F129F6F48F0058A59E /* Project object */ = {
			isa = PBXProject;
			attributes = {
				BuildIndependentTargetsInParallel = 1;
				LastSwiftUpdateCheck = 1430;
				LastUpgradeCheck = 1430;
				TargetAttributes = {
					B7AD63F829F6F48F0058A59E = {
						CreatedOnToolsVersion = 14.3;
					};
				};
			};
			buildConfigurationList = B7AD63F429F6F48F0058A59E /* Build configuration list for PBXProject "TwitterSwiftUIClone" */;
			compatibilityVersion = "Xcode 14.0";
			developmentRegion = en;
			hasScannedForEncodings = 0;
			knownRegions = (
				en,
				Base,
			);
			mainGroup = B7AD63F029F6F48F0058A59E;
			productRefGroup = B7AD63FA29F6F48F0058A59E /* Products */;
			projectDirPath = "";
			projectRoot = "";
			targets = (
				B7AD63F829F6F48F0058A59E /* TwitterSwiftUIClone */,
			);
		};
/* End PBXProject section */

/* Begin PBXResourcesBuildPhase section */
		B7AD63F729F6F48F0058A59E /* Resources */ = {
			isa = PBXResourcesBuildPhase;
			buildActionMask = 2147483647;
			files = (
				B7AD640429F6F4900058A59E /* Preview Assets.xcassets in Resources */,
				B7AD640129F6F4900058A59E /* Assets.xcassets in Resources */,
			);
			runOnlyForDeploymentPostprocessing = 0;
		};
/* End PBXResourcesBuildPhase section */

/* Begin PBXSourcesBuildPhase section */
		B7AD63F529F6F48F0058A59E /* Sources */ = {
			isa = PBXSourcesBuildPhase;
			buildActionMask = 2147483647;
			files = (
				B72EB9B129F7113600822595 /* MessagesView.swift in Sources */,
				B7AD63FF29F6F48F0058A59E /* ContentView.swift in Sources */,
				B72EB9A429F708F700822595 /* TweetRowView.swift in Sources */,
				B72EB9A129F707BC00822595 /* FeedView.swift in Sources */,
				B7AD63FD29F6F48F0058A59E /* TwitterSwiftUICloneApp.swift in Sources */,
				B72EB9AD29F7100B00822595 /* ExploreView.swift in Sources */,
				B72EB9A729F70EF000822595 /* MainTabView.swift in Sources */,
				B72EB9AF29F7110800822595 /* NotificationsView.swift in Sources */,
			);
			runOnlyForDeploymentPostprocessing = 0;
		};
/* End PBXSourcesBuildPhase section */

/* Begin XCBuildConfiguration section */
		B7AD640529F6F4900058A59E /* Debug */ = {
			isa = XCBuildConfiguration;
			buildSettings = {
				ALWAYS_SEARCH_USER_PATHS = NO;
				CLANG_ANALYZER_NONNULL = YES;
				CLANG_ANALYZER_NUMBER_OBJECT_CONVERSION = YES_AGGRESSIVE;
				CLANG_CXX_LANGUAGE_STANDARD = "gnu++20";
				CLANG_ENABLE_MODULES = YES;
				CLANG_ENABLE_OBJC_ARC = YES;
				CLANG_ENABLE_OBJC_WEAK = YES;
				CLANG_WARN_BLOCK_CAPTURE_AUTORELEASING = YES;
				CLANG_WARN_BOOL_CONVERSION = YES;
				CLANG_WARN_COMMA = YES;
				CLANG_WARN_CONSTANT_CONVERSION = YES;
				CLANG_WARN_DEPRECATED_OBJC_IMPLEMENTATIONS = YES;
				CLANG_WARN_DIRECT_OBJC_ISA_USAGE = YES_ERROR;
				CLANG_WARN_DOCUMENTATION_COMMENTS = YES;
				CLANG_WARN_EMPTY_BODY = YES;
				CLANG_WARN_ENUM_CONVERSION = YES;
				CLANG_WARN_INFINITE_RECURSION = YES;
				CLANG_WARN_INT_CONVERSION = YES;
				CLANG_WARN_NON_LITERAL_NULL_CONVERSION = YES;
				CLANG_WARN_OBJC_IMPLICIT_RETAIN_SELF = YES;
				CLANG_WARN_OBJC_LITERAL_CONVERSION = YES;
				CLANG_WARN_OBJC_ROOT_CLASS = YES_ERROR;
				CLANG_WARN_QUOTED_INCLUDE_IN_FRAMEWORK_HEADER = YES;
				CLANG_WARN_RANGE_LOOP_ANALYSIS = YES;
				CLANG_WARN_STRICT_PROTOTYPES = YES;
				CLANG_WARN_SUSPICIOUS_MOVE = YES;
				CLANG_WARN_UNGUARDED_AVAILABILITY = YES_AGGRESSIVE;
				CLANG_WARN_UNREACHABLE_CODE = YES;
				CLANG_WARN__DUPLICATE_METHOD_MATCH = YES;
				COPY_PHASE_STRIP = NO;
				DEBUG_INFORMATION_FORMAT = dwarf;
				ENABLE_STRICT_OBJC_MSGSEND = YES;
				ENABLE_TESTABILITY = YES;
				GCC_C_LANGUAGE_STANDARD = gnu11;
				GCC_DYNAMIC_NO_PIC = NO;
				GCC_NO_COMMON_BLOCKS = YES;
				GCC_OPTIMIZATION_LEVEL = 0;
				GCC_PREPROCESSOR_DEFINITIONS = (
					"DEBUG=1",
					"$(inherited)",
				);
				GCC_WARN_64_TO_32_BIT_CONVERSION = YES;
				GCC_WARN_ABOUT_RETURN_TYPE = YES_ERROR;
				GCC_WARN_UNDECLARED_SELECTOR = YES;
				GCC_WARN_UNINITIALIZED_AUTOS = YES_AGGRESSIVE;
				GCC_WARN_UNUSED_FUNCTION = YES;
				GCC_WARN_UNUSED_VARIABLE = YES;
				IPHONEOS_DEPLOYMENT_TARGET = 16.4;
				MTL_ENABLE_DEBUG_INFO = INCLUDE_SOURCE;
				MTL_FAST_MATH = YES;
				ONLY_ACTIVE_ARCH = YES;
				SDKROOT = iphoneos;
				SWIFT_ACTIVE_COMPILATION_CONDITIONS = DEBUG;
				SWIFT_OPTIMIZATION_LEVEL = "-Onone";
			};
			name = Debug;
		};
		B7AD640629F6F4900058A59E /* Release */ = {
			isa = XCBuildConfiguration;
			buildSettings = {
				ALWAYS_SEARCH_USER_PATHS = NO;
				CLANG_ANALYZER_NONNULL = YES;
				CLANG_ANALYZER_NUMBER_OBJECT_CONVERSION = YES_AGGRESSIVE;
				CLANG_CXX_LANGUAGE_STANDARD = "gnu++20";
				CLANG_ENABLE_MODULES = YES;
				CLANG_ENABLE_OBJC_ARC = YES;
				CLANG_ENABLE_OBJC_WEAK = YES;
				CLANG_WARN_BLOCK_CAPTURE_AUTORELEASING = YES;
				CLANG_WARN_BOOL_CONVERSION = YES;
				CLANG_WARN_COMMA = YES;
				CLANG_WARN_CONSTANT_CONVERSION = YES;
				CLANG_WARN_DEPRECATED_OBJC_IMPLEMENTATIONS = YES;
				CLANG_WARN_DIRECT_OBJC_ISA_USAGE = YES_ERROR;
				CLANG_WARN_DOCUMENTATION_COMMENTS = YES;
				CLANG_WARN_EMPTY_BODY = YES;
				CLANG_WARN_ENUM_CONVERSION = YES;
				CLANG_WARN_INFINITE_RECURSION = YES;
				CLANG_WARN_INT_CONVERSION = YES;
				CLANG_WARN_NON_LITERAL_NULL_CONVERSION = YES;
				CLANG_WARN_OBJC_IMPLICIT_RETAIN_SELF = YES;
				CLANG_WARN_OBJC_LITERAL_CONVERSION = YES;
				CLANG_WARN_OBJC_ROOT_CLASS = YES_ERROR;
				CLANG_WARN_QUOTED_INCLUDE_IN_FRAMEWORK_HEADER = YES;
				CLANG_WARN_RANGE_LOOP_ANALYSIS = YES;
				CLANG_WARN_STRICT_PROTOTYPES = YES;
				CLANG_WARN_SUSPICIOUS_MOVE = YES;
				CLANG_WARN_UNGUARDED_AVAILABILITY = YES_AGGRESSIVE;
				CLANG_WARN_UNREACHABLE_CODE = YES;
				CLANG_WARN__DUPLICATE_METHOD_MATCH = YES;
				COPY_PHASE_STRIP = NO;
				DEBUG_INFORMATION_FORMAT = "dwarf-with-dsym";
				ENABLE_NS_ASSERTIONS = NO;
				ENABLE_STRICT_OBJC_MSGSEND = YES;
				GCC_C_LANGUAGE_STANDARD = gnu11;
				GCC_NO_COMMON_BLOCKS = YES;
				GCC_WARN_64_TO_32_BIT_CONVERSION = YES;
				GCC_WARN_ABOUT_RETURN_TYPE = YES_ERROR;
				GCC_WARN_UNDECLARED_SELECTOR = YES;
				GCC_WARN_UNINITIALIZED_AUTOS = YES_AGGRESSIVE;
				GCC_WARN_UNUSED_FUNCTION = YES;
				GCC_WARN_UNUSED_VARIABLE = YES;
				IPHONEOS_DEPLOYMENT_TARGET = 16.4;
				MTL_ENABLE_DEBUG_INFO = NO;
				MTL_FAST_MATH = YES;
				SDKROOT = iphoneos;
				SWIFT_COMPILATION_MODE = wholemodule;
				SWIFT_OPTIMIZATION_LEVEL = "-O";
				VALIDATE_PRODUCT = YES;
			};
			name = Release;
		};
		B7AD640829F6F4900058A59E /* Debug */ = {
			isa = XCBuildConfiguration;
			buildSettings = {
				ASSETCATALOG_COMPILER_APPICON_NAME = AppIcon;
				ASSETCATALOG_COMPILER_GLOBAL_ACCENT_COLOR_NAME = AccentColor;
				CODE_SIGN_STYLE = Automatic;
				CURRENT_PROJECT_VERSION = 1;
				DEVELOPMENT_ASSET_PATHS = "\"TwitterSwiftUIClone/Preview Content\"";
				DEVELOPMENT_TEAM = 6MCGW4D96C;
				ENABLE_PREVIEWS = YES;
				GENERATE_INFOPLIST_FILE = YES;
				INFOPLIST_KEY_UIApplicationSceneManifest_Generation = YES;
				INFOPLIST_KEY_UIApplicationSupportsIndirectInputEvents = YES;
				INFOPLIST_KEY_UILaunchScreen_Generation = YES;
				INFOPLIST_KEY_UISupportedInterfaceOrientations_iPad = "UIInterfaceOrientationPortrait UIInterfaceOrientationPortraitUpsideDown UIInterfaceOrientationLandscapeLeft UIInterfaceOrientationLandscapeRight";
				INFOPLIST_KEY_UISupportedInterfaceOrientations_iPhone = "UIInterfaceOrientationPortrait UIInterfaceOrientationLandscapeLeft UIInterfaceOrientationLandscapeRight";
				LD_RUNPATH_SEARCH_PATHS = (
					"$(inherited)",
					"@executable_path/Frameworks",
				);
				MARKETING_VERSION = 1.0;
				PRODUCT_BUNDLE_IDENTIFIER = com.dimitrijevolarevic.TwitterSwiftUIClone;
				PRODUCT_NAME = "$(TARGET_NAME)";
				SWIFT_EMIT_LOC_STRINGS = YES;
				SWIFT_VERSION = 5.0;
				TARGETED_DEVICE_FAMILY = "1,2";
			};
			name = Debug;
		};
		B7AD640929F6F4900058A59E /* Release */ = {
			isa = XCBuildConfiguration;
			buildSettings = {
				ASSETCATALOG_COMPILER_APPICON_NAME = AppIcon;
				ASSETCATALOG_COMPILER_GLOBAL_ACCENT_COLOR_NAME = AccentColor;
				CODE_SIGN_STYLE = Automatic;
				CURRENT_PROJECT_VERSION = 1;
				DEVELOPMENT_ASSET_PATHS = "\"TwitterSwiftUIClone/Preview Content\"";
				DEVELOPMENT_TEAM = 6MCGW4D96C;
				ENABLE_PREVIEWS = YES;
				GENERATE_INFOPLIST_FILE = YES;
				INFOPLIST_KEY_UIApplicationSceneManifest_Generation = YES;
				INFOPLIST_KEY_UIApplicationSupportsIndirectInputEvents = YES;
				INFOPLIST_KEY_UILaunchScreen_Generation = YES;
				INFOPLIST_KEY_UISupportedInterfaceOrientations_iPad = "UIInterfaceOrientationPortrait UIInterfaceOrientationPortraitUpsideDown UIInterfaceOrientationLandscapeLeft UIInterfaceOrientationLandscapeRight";
				INFOPLIST_KEY_UISupportedInterfaceOrientations_iPhone = "UIInterfaceOrientationPortrait UIInterfaceOrientationLandscapeLeft UIInterfaceOrientationLandscapeRight";
				LD_RUNPATH_SEARCH_PATHS = (
					"$(inherited)",
					"@executable_path/Frameworks",
				);
				MARKETING_VERSION = 1.0;
				PRODUCT_BUNDLE_IDENTIFIER = com.dimitrijevolarevic.TwitterSwiftUIClone;
				PRODUCT_NAME = "$(TARGET_NAME)";
				SWIFT_EMIT_LOC_STRINGS = YES;
				SWIFT_VERSION = 5.0;
				TARGETED_DEVICE_FAMILY = "1,2";
			};
			name = Release;
		};
/* End XCBuildConfiguration section */

/* Begin XCConfigurationList section */
		B7AD63F429F6F48F0058A59E /* Build configuration list for PBXProject "TwitterSwiftUIClone" */ = {
			isa = XCConfigurationList;
			buildConfigurations = (
				B7AD640529F6F4900058A59E /* Debug */,
				B7AD640629F6F4900058A59E /* Release */,
			);
			defaultConfigurationIsVisible = 0;
			defaultConfigurationName = Release;
		};
		B7AD640729F6F4900058A59E /* Build configuration list for PBXNativeTarget "TwitterSwiftUIClone" */ = {
			isa = XCConfigurationList;
			buildConfigurations = (
				B7AD640829F6F4900058A59E /* Debug */,
				B7AD640929F6F4900058A59E /* Release */,
			);
			defaultConfigurationIsVisible = 0;
			defaultConfigurationName = Release;
		};
/* End XCConfigurationList section */
	};
	rootObject = B7AD63F129F6F48F0058A59E /* Project object */;
}
