// !$*UTF8*$!
{
	archiveVersion = 1;
	classes = {
	};
	objectVersion = 56;
	objects = {

/* Begin PBXBuildFile section */
		B71DAD1629F9201A00E83E80 /* LogInView.swift in Sources */ = {isa = PBXBuildFile; fileRef = B71DAD1529F9201A00E83E80 /* LogInView.swift */; };
		B71DAD1829F9203700E83E80 /* RegistrationView.swift in Sources */ = {isa = PBXBuildFile; fileRef = B71DAD1729F9203700E83E80 /* RegistrationView.swift */; };
		B71DAD1A29F9217100E83E80 /* RoundedShape.swift in Sources */ = {isa = PBXBuildFile; fileRef = B71DAD1929F9217100E83E80 /* RoundedShape.swift */; };
		B71DAD1C29F9373400E83E80 /* CustomInputField.swift in Sources */ = {isa = PBXBuildFile; fileRef = B71DAD1B29F9373400E83E80 /* CustomInputField.swift */; };
		B71DAD1F29F93A0100E83E80 /* AuthenticationHeader.swift in Sources */ = {isa = PBXBuildFile; fileRef = B71DAD1E29F93A0100E83E80 /* AuthenticationHeader.swift */; };
		B72EB9A129F707BC00822595 /* FeedView.swift in Sources */ = {isa = PBXBuildFile; fileRef = B72EB9A029F707BC00822595 /* FeedView.swift */; };
		B72EB9A429F708F700822595 /* TweetRowView.swift in Sources */ = {isa = PBXBuildFile; fileRef = B72EB9A329F708F700822595 /* TweetRowView.swift */; };
		B72EB9A729F70EF000822595 /* MainTabView.swift in Sources */ = {isa = PBXBuildFile; fileRef = B72EB9A629F70EF000822595 /* MainTabView.swift */; };
		B72EB9AD29F7100B00822595 /* ExploreView.swift in Sources */ = {isa = PBXBuildFile; fileRef = B72EB9AC29F7100B00822595 /* ExploreView.swift */; };
		B72EB9AF29F7110800822595 /* NotificationsView.swift in Sources */ = {isa = PBXBuildFile; fileRef = B72EB9AE29F7110800822595 /* NotificationsView.swift */; };
		B72EB9B129F7113600822595 /* MessagesView.swift in Sources */ = {isa = PBXBuildFile; fileRef = B72EB9B029F7113600822595 /* MessagesView.swift */; };
		B779A89529F940E20035408B /* GoogleService-Info.plist in Resources */ = {isa = PBXBuildFile; fileRef = B779A89429F940E20035408B /* GoogleService-Info.plist */; };
		B779A89829F9419F0035408B /* FirebaseAuth in Frameworks */ = {isa = PBXBuildFile; productRef = B779A89729F9419F0035408B /* FirebaseAuth */; };
		B779A89A29F9419F0035408B /* FirebaseFirestore in Frameworks */ = {isa = PBXBuildFile; productRef = B779A89929F9419F0035408B /* FirebaseFirestore */; };
		B779A89C29F9419F0035408B /* FirebaseFirestoreSwift in Frameworks */ = {isa = PBXBuildFile; productRef = B779A89B29F9419F0035408B /* FirebaseFirestoreSwift */; };
		B779A89E29F9419F0035408B /* FirebaseStorage in Frameworks */ = {isa = PBXBuildFile; productRef = B779A89D29F9419F0035408B /* FirebaseStorage */; };
		B779A8A029F943D30035408B /* AuthViewModel.swift in Sources */ = {isa = PBXBuildFile; fileRef = B779A89F29F943D30035408B /* AuthViewModel.swift */; };
		B7A4FAFA29F7E1AA00C6A6DC /* UserRowView.swift in Sources */ = {isa = PBXBuildFile; fileRef = B7A4FAF929F7E1AA00C6A6DC /* UserRowView.swift */; };
		B7A4FAFF29F7E6A000C6A6DC /* SideMenuView.swift in Sources */ = {isa = PBXBuildFile; fileRef = B7A4FAFE29F7E6A000C6A6DC /* SideMenuView.swift */; };
		B7A4FB0329F7E6C400C6A6DC /* SideMenuViewModel.swift in Sources */ = {isa = PBXBuildFile; fileRef = B7A4FB0229F7E6C400C6A6DC /* SideMenuViewModel.swift */; };
		B7A4FB0529F7E8D000C6A6DC /* UserStatsView.swift in Sources */ = {isa = PBXBuildFile; fileRef = B7A4FB0429F7E8D000C6A6DC /* UserStatsView.swift */; };
		B7A4FB0729F7F38000C6A6DC /* SideMenuOptionRowView.swift in Sources */ = {isa = PBXBuildFile; fileRef = B7A4FB0629F7F38000C6A6DC /* SideMenuOptionRowView.swift */; };
		B7AD63FD29F6F48F0058A59E /* TwitterSwiftUICloneApp.swift in Sources */ = {isa = PBXBuildFile; fileRef = B7AD63FC29F6F48F0058A59E /* TwitterSwiftUICloneApp.swift */; };
		B7AD63FF29F6F48F0058A59E /* ContentView.swift in Sources */ = {isa = PBXBuildFile; fileRef = B7AD63FE29F6F48F0058A59E /* ContentView.swift */; };
		B7AD640129F6F4900058A59E /* Assets.xcassets in Resources */ = {isa = PBXBuildFile; fileRef = B7AD640029F6F4900058A59E /* Assets.xcassets */; };
		B7AD640429F6F4900058A59E /* Preview Assets.xcassets in Resources */ = {isa = PBXBuildFile; fileRef = B7AD640329F6F4900058A59E /* Preview Assets.xcassets */; };
		B7B842F229FC099A00B5FD16 /* UserService.swift in Sources */ = {isa = PBXBuildFile; fileRef = B7B842F129FC099A00B5FD16 /* UserService.swift */; };
		B7B842F429FC0BD300B5FD16 /* User.swift in Sources */ = {isa = PBXBuildFile; fileRef = B7B842F329FC0BD300B5FD16 /* User.swift */; };
		B7BB0C6029FA84A100084A9C /* ProfilePhotoSelectorView.swift in Sources */ = {isa = PBXBuildFile; fileRef = B7BB0C5F29FA84A100084A9C /* ProfilePhotoSelectorView.swift */; };
		B7BB0C6329FA94A200084A9C /* ImagePicker.swift in Sources */ = {isa = PBXBuildFile; fileRef = B7BB0C6229FA94A200084A9C /* ImagePicker.swift */; };
		B7BB0C6529FAA2F800084A9C /* ImageUploader.swift in Sources */ = {isa = PBXBuildFile; fileRef = B7BB0C6429FAA2F800084A9C /* ImageUploader.swift */; };
		B7FCB27829F801EB008E85B0 /* NewTweetView.swift in Sources */ = {isa = PBXBuildFile; fileRef = B7FCB27729F801EB008E85B0 /* NewTweetView.swift */; };
		B7FCB27A29F80456008E85B0 /* TextArea.swift in Sources */ = {isa = PBXBuildFile; fileRef = B7FCB27929F80456008E85B0 /* TextArea.swift */; };
		B7FE190729F712A1003E36B2 /* ProfileView.swift in Sources */ = {isa = PBXBuildFile; fileRef = B7FE190629F712A1003E36B2 /* ProfileView.swift */; };
		B7FE190929F719E8003E36B2 /* TweetFilterViewModel.swift in Sources */ = {isa = PBXBuildFile; fileRef = B7FE190829F719E8003E36B2 /* TweetFilterViewModel.swift */; };
/* End PBXBuildFile section */

/* Begin PBXFileReference section */
		B71DAD1529F9201A00E83E80 /* LogInView.swift */ = {isa = PBXFileReference; lastKnownFileType = sourcecode.swift; path = LogInView.swift; sourceTree = "<group>"; };
		B71DAD1729F9203700E83E80 /* RegistrationView.swift */ = {isa = PBXFileReference; lastKnownFileType = sourcecode.swift; path = RegistrationView.swift; sourceTree = "<group>"; };
		B71DAD1929F9217100E83E80 /* RoundedShape.swift */ = {isa = PBXFileReference; lastKnownFileType = sourcecode.swift; path = RoundedShape.swift; sourceTree = "<group>"; };
		B71DAD1B29F9373400E83E80 /* CustomInputField.swift */ = {isa = PBXFileReference; lastKnownFileType = sourcecode.swift; path = CustomInputField.swift; sourceTree = "<group>"; };
		B71DAD1E29F93A0100E83E80 /* AuthenticationHeader.swift */ = {isa = PBXFileReference; lastKnownFileType = sourcecode.swift; path = AuthenticationHeader.swift; sourceTree = "<group>"; };
		B72EB9A029F707BC00822595 /* FeedView.swift */ = {isa = PBXFileReference; lastKnownFileType = sourcecode.swift; path = FeedView.swift; sourceTree = "<group>"; };
		B72EB9A329F708F700822595 /* TweetRowView.swift */ = {isa = PBXFileReference; lastKnownFileType = sourcecode.swift; path = TweetRowView.swift; sourceTree = "<group>"; };
		B72EB9A629F70EF000822595 /* MainTabView.swift */ = {isa = PBXFileReference; lastKnownFileType = sourcecode.swift; path = MainTabView.swift; sourceTree = "<group>"; };
		B72EB9AC29F7100B00822595 /* ExploreView.swift */ = {isa = PBXFileReference; lastKnownFileType = sourcecode.swift; path = ExploreView.swift; sourceTree = "<group>"; };
		B72EB9AE29F7110800822595 /* NotificationsView.swift */ = {isa = PBXFileReference; lastKnownFileType = sourcecode.swift; path = NotificationsView.swift; sourceTree = "<group>"; };
		B72EB9B029F7113600822595 /* MessagesView.swift */ = {isa = PBXFileReference; lastKnownFileType = sourcecode.swift; path = MessagesView.swift; sourceTree = "<group>"; };
		B779A89429F940E20035408B /* GoogleService-Info.plist */ = {isa = PBXFileReference; lastKnownFileType = text.plist; path = "GoogleService-Info.plist"; sourceTree = SOURCE_ROOT; };
		B779A89F29F943D30035408B /* AuthViewModel.swift */ = {isa = PBXFileReference; lastKnownFileType = sourcecode.swift; path = AuthViewModel.swift; sourceTree = "<group>"; };
		B7A4FAF929F7E1AA00C6A6DC /* UserRowView.swift */ = {isa = PBXFileReference; lastKnownFileType = sourcecode.swift; path = UserRowView.swift; sourceTree = "<group>"; };
		B7A4FAFE29F7E6A000C6A6DC /* SideMenuView.swift */ = {isa = PBXFileReference; lastKnownFileType = sourcecode.swift; path = SideMenuView.swift; sourceTree = "<group>"; };
		B7A4FB0229F7E6C400C6A6DC /* SideMenuViewModel.swift */ = {isa = PBXFileReference; lastKnownFileType = sourcecode.swift; path = SideMenuViewModel.swift; sourceTree = "<group>"; };
		B7A4FB0429F7E8D000C6A6DC /* UserStatsView.swift */ = {isa = PBXFileReference; lastKnownFileType = sourcecode.swift; path = UserStatsView.swift; sourceTree = "<group>"; };
		B7A4FB0629F7F38000C6A6DC /* SideMenuOptionRowView.swift */ = {isa = PBXFileReference; lastKnownFileType = sourcecode.swift; path = SideMenuOptionRowView.swift; sourceTree = "<group>"; };
		B7AD63F929F6F48F0058A59E /* TwitterSwiftUIClone.app */ = {isa = PBXFileReference; explicitFileType = wrapper.application; includeInIndex = 0; path = TwitterSwiftUIClone.app; sourceTree = BUILT_PRODUCTS_DIR; };
		B7AD63FC29F6F48F0058A59E /* TwitterSwiftUICloneApp.swift */ = {isa = PBXFileReference; lastKnownFileType = sourcecode.swift; path = TwitterSwiftUICloneApp.swift; sourceTree = "<group>"; };
		B7AD63FE29F6F48F0058A59E /* ContentView.swift */ = {isa = PBXFileReference; lastKnownFileType = sourcecode.swift; path = ContentView.swift; sourceTree = "<group>"; };
		B7AD640029F6F4900058A59E /* Assets.xcassets */ = {isa = PBXFileReference; lastKnownFileType = folder.assetcatalog; path = Assets.xcassets; sourceTree = "<group>"; };
		B7AD640329F6F4900058A59E /* Preview Assets.xcassets */ = {isa = PBXFileReference; lastKnownFileType = folder.assetcatalog; path = "Preview Assets.xcassets"; sourceTree = "<group>"; };
		B7B842F129FC099A00B5FD16 /* UserService.swift */ = {isa = PBXFileReference; lastKnownFileType = sourcecode.swift; path = UserService.swift; sourceTree = "<group>"; };
		B7B842F329FC0BD300B5FD16 /* User.swift */ = {isa = PBXFileReference; lastKnownFileType = sourcecode.swift; path = User.swift; sourceTree = "<group>"; };
		B7BB0C5F29FA84A100084A9C /* ProfilePhotoSelectorView.swift */ = {isa = PBXFileReference; lastKnownFileType = sourcecode.swift; path = ProfilePhotoSelectorView.swift; sourceTree = "<group>"; };
		B7BB0C6229FA94A200084A9C /* ImagePicker.swift */ = {isa = PBXFileReference; lastKnownFileType = sourcecode.swift; path = ImagePicker.swift; sourceTree = "<group>"; };
		B7BB0C6429FAA2F800084A9C /* ImageUploader.swift */ = {isa = PBXFileReference; lastKnownFileType = sourcecode.swift; path = ImageUploader.swift; sourceTree = "<group>"; };
		B7FCB27729F801EB008E85B0 /* NewTweetView.swift */ = {isa = PBXFileReference; lastKnownFileType = sourcecode.swift; path = NewTweetView.swift; sourceTree = "<group>"; };
		B7FCB27929F80456008E85B0 /* TextArea.swift */ = {isa = PBXFileReference; lastKnownFileType = sourcecode.swift; path = TextArea.swift; sourceTree = "<group>"; };
		B7FE190629F712A1003E36B2 /* ProfileView.swift */ = {isa = PBXFileReference; lastKnownFileType = sourcecode.swift; path = ProfileView.swift; sourceTree = "<group>"; };
		B7FE190829F719E8003E36B2 /* TweetFilterViewModel.swift */ = {isa = PBXFileReference; lastKnownFileType = sourcecode.swift; path = TweetFilterViewModel.swift; sourceTree = "<group>"; };
/* End PBXFileReference section */

/* Begin PBXFrameworksBuildPhase section */
		B7AD63F629F6F48F0058A59E /* Frameworks */ = {
			isa = PBXFrameworksBuildPhase;
			buildActionMask = 2147483647;
			files = (
				B779A89829F9419F0035408B /* FirebaseAuth in Frameworks */,
				B779A89E29F9419F0035408B /* FirebaseStorage in Frameworks */,
				B779A89A29F9419F0035408B /* FirebaseFirestore in Frameworks */,
				B779A89C29F9419F0035408B /* FirebaseFirestoreSwift in Frameworks */,
			);
			runOnlyForDeploymentPostprocessing = 0;
		};
/* End PBXFrameworksBuildPhase section */

/* Begin PBXGroup section */
		B71DAD1129F91FD900E83E80 /* Authentication */ = {
			isa = PBXGroup;
			children = (
				B71DAD1329F91FF800E83E80 /* Views */,
				B71DAD1229F91FEC00E83E80 /* ViewModels */,
			);
			path = Authentication;
			sourceTree = "<group>";
		};
		B71DAD1229F91FEC00E83E80 /* ViewModels */ = {
			isa = PBXGroup;
			children = (
				B779A89F29F943D30035408B /* AuthViewModel.swift */,
			);
			path = ViewModels;
			sourceTree = "<group>";
		};
		B71DAD1329F91FF800E83E80 /* Views */ = {
			isa = PBXGroup;
			children = (
				B71DAD1529F9201A00E83E80 /* LogInView.swift */,
				B71DAD1729F9203700E83E80 /* RegistrationView.swift */,
				B7BB0C5F29FA84A100084A9C /* ProfilePhotoSelectorView.swift */,
			);
			path = Views;
			sourceTree = "<group>";
		};
		B71DAD1D29F9392A00E83E80 /* Authentication */ = {
			isa = PBXGroup;
			children = (
				B71DAD1E29F93A0100E83E80 /* AuthenticationHeader.swift */,
			);
			path = Authentication;
			sourceTree = "<group>";
		};
		B72EB99829F706D500822595 /* Extensions */ = {
			isa = PBXGroup;
			children = (
			);
			path = Extensions;
			sourceTree = "<group>";
		};
		B72EB99929F706F300822595 /* Model */ = {
			isa = PBXGroup;
			children = (
				B7B842F329FC0BD300B5FD16 /* User.swift */,
			);
			path = Model;
			sourceTree = "<group>";
		};
		B72EB99A29F706F700822595 /* Core */ = {
			isa = PBXGroup;
			children = (
				B71DAD1129F91FD900E83E80 /* Authentication */,
				B7FCB27429F801B4008E85B0 /* UploadTweet */,
				B72EB99C29F7072A00822595 /* Components */,
				B7A4FAFB29F7E67200C6A6DC /* SideMenu */,
				B72EB9AB29F70FE300822595 /* Profile */,
				B72EB9AA29F70FCC00822595 /* Messages */,
				B72EB9A929F70FBF00822595 /* Notifications */,
				B72EB9A829F70FA700822595 /* Explore */,
				B72EB9A529F70ED600822595 /* MainTab */,
				B72EB99D29F7074000822595 /* Feed */,
			);
			path = Core;
			sourceTree = "<group>";
		};
		B72EB99B29F706FA00822595 /* Service */ = {
			isa = PBXGroup;
			children = (
				B7BB0C6429FAA2F800084A9C /* ImageUploader.swift */,
				B7B842F129FC099A00B5FD16 /* UserService.swift */,
			);
			path = Service;
			sourceTree = "<group>";
		};
		B72EB99C29F7072A00822595 /* Components */ = {
			isa = PBXGroup;
			children = (
				B71DAD1D29F9392A00E83E80 /* Authentication */,
				B7A4FAF829F7E19A00C6A6DC /* Users */,
				B72EB9A229F7084B00822595 /* Tweets */,
				B7FCB27929F80456008E85B0 /* TextArea.swift */,
				B71DAD1929F9217100E83E80 /* RoundedShape.swift */,
				B71DAD1B29F9373400E83E80 /* CustomInputField.swift */,
			);
			path = Components;
			sourceTree = "<group>";
		};
		B72EB99D29F7074000822595 /* Feed */ = {
			isa = PBXGroup;
			children = (
				B72EB99F29F7079500822595 /* Views */,
				B72EB99E29F7078600822595 /* ViewModels */,
			);
			path = Feed;
			sourceTree = "<group>";
		};
		B72EB99E29F7078600822595 /* ViewModels */ = {
			isa = PBXGroup;
			children = (
			);
			path = ViewModels;
			sourceTree = "<group>";
		};
		B72EB99F29F7079500822595 /* Views */ = {
			isa = PBXGroup;
			children = (
				B72EB9A029F707BC00822595 /* FeedView.swift */,
			);
			path = Views;
			sourceTree = "<group>";
		};
		B72EB9A229F7084B00822595 /* Tweets */ = {
			isa = PBXGroup;
			children = (
				B72EB9A329F708F700822595 /* TweetRowView.swift */,
			);
			path = Tweets;
			sourceTree = "<group>";
		};
		B72EB9A529F70ED600822595 /* MainTab */ = {
			isa = PBXGroup;
			children = (
				B72EB9A629F70EF000822595 /* MainTabView.swift */,
			);
			path = MainTab;
			sourceTree = "<group>";
		};
		B72EB9A829F70FA700822595 /* Explore */ = {
			isa = PBXGroup;
			children = (
				B7A4FAF729F7E17800C6A6DC /* Views */,
				B7A4FAF629F7E16D00C6A6DC /* ViewModels */,
			);
			path = Explore;
			sourceTree = "<group>";
		};
		B72EB9A929F70FBF00822595 /* Notifications */ = {
			isa = PBXGroup;
			children = (
				B72EB9AE29F7110800822595 /* NotificationsView.swift */,
			);
			path = Notifications;
			sourceTree = "<group>";
		};
		B72EB9AA29F70FCC00822595 /* Messages */ = {
			isa = PBXGroup;
			children = (
				B72EB9B029F7113600822595 /* MessagesView.swift */,
			);
			path = Messages;
			sourceTree = "<group>";
		};
		B72EB9AB29F70FE300822595 /* Profile */ = {
			isa = PBXGroup;
			children = (
				B7FE190529F7128F003E36B2 /* ViewModels */,
				B7FE190429F71282003E36B2 /* Views */,
			);
			path = Profile;
			sourceTree = "<group>";
		};
		B7A4FAF629F7E16D00C6A6DC /* ViewModels */ = {
			isa = PBXGroup;
			children = (
			);
			path = ViewModels;
			sourceTree = "<group>";
		};
		B7A4FAF729F7E17800C6A6DC /* Views */ = {
			isa = PBXGroup;
			children = (
				B72EB9AC29F7100B00822595 /* ExploreView.swift */,
			);
			path = Views;
			sourceTree = "<group>";
		};
		B7A4FAF829F7E19A00C6A6DC /* Users */ = {
			isa = PBXGroup;
			children = (
				B7A4FAF929F7E1AA00C6A6DC /* UserRowView.swift */,
				B7A4FB0429F7E8D000C6A6DC /* UserStatsView.swift */,
			);
			path = Users;
			sourceTree = "<group>";
		};
		B7A4FAFB29F7E67200C6A6DC /* SideMenu */ = {
			isa = PBXGroup;
			children = (
				B7A4FAFD29F7E68E00C6A6DC /* Views */,
				B7A4FAFC29F7E68100C6A6DC /* ViewModels */,
			);
			path = SideMenu;
			sourceTree = "<group>";
		};
		B7A4FAFC29F7E68100C6A6DC /* ViewModels */ = {
			isa = PBXGroup;
			children = (
				B7A4FB0229F7E6C400C6A6DC /* SideMenuViewModel.swift */,
			);
			path = ViewModels;
			sourceTree = "<group>";
		};
		B7A4FAFD29F7E68E00C6A6DC /* Views */ = {
			isa = PBXGroup;
			children = (
				B7A4FAFE29F7E6A000C6A6DC /* SideMenuView.swift */,
				B7A4FB0629F7F38000C6A6DC /* SideMenuOptionRowView.swift */,
			);
			path = Views;
			sourceTree = "<group>";
		};
		B7AD63F029F6F48F0058A59E = {
			isa = PBXGroup;
			children = (
				B7AD63FB29F6F48F0058A59E /* TwitterSwiftUIClone */,
				B7AD63FA29F6F48F0058A59E /* Products */,
			);
			sourceTree = "<group>";
		};
		B7AD63FA29F6F48F0058A59E /* Products */ = {
			isa = PBXGroup;
			children = (
				B7AD63F929F6F48F0058A59E /* TwitterSwiftUIClone.app */,
			);
			name = Products;
			sourceTree = "<group>";
		};
		B7AD63FB29F6F48F0058A59E /* TwitterSwiftUIClone */ = {
			isa = PBXGroup;
			children = (
				B7BB0C6129FA945800084A9C /* Utilities */,
				B72EB99B29F706FA00822595 /* Service */,
				B72EB99A29F706F700822595 /* Core */,
				B72EB99929F706F300822595 /* Model */,
				B72EB99829F706D500822595 /* Extensions */,
				B7AD63FC29F6F48F0058A59E /* TwitterSwiftUICloneApp.swift */,
				B7AD63FE29F6F48F0058A59E /* ContentView.swift */,
				B7AD640029F6F4900058A59E /* Assets.xcassets */,
				B779A89429F940E20035408B /* GoogleService-Info.plist */,
				B7AD640229F6F4900058A59E /* Preview Content */,
			);
			path = TwitterSwiftUIClone;
			sourceTree = "<group>";
		};
		B7AD640229F6F4900058A59E /* Preview Content */ = {
			isa = PBXGroup;
			children = (
				B7AD640329F6F4900058A59E /* Preview Assets.xcassets */,
			);
			path = "Preview Content";
			sourceTree = "<group>";
		};
		B7BB0C6129FA945800084A9C /* Utilities */ = {
			isa = PBXGroup;
			children = (
				B7BB0C6229FA94A200084A9C /* ImagePicker.swift */,
			);
			path = Utilities;
			sourceTree = "<group>";
		};
		B7FCB27429F801B4008E85B0 /* UploadTweet */ = {
			isa = PBXGroup;
			children = (
				B7FCB27629F801DC008E85B0 /* Views */,
				B7FCB27529F801D2008E85B0 /* ViewModels */,
			);
			path = UploadTweet;
			sourceTree = "<group>";
		};
		B7FCB27529F801D2008E85B0 /* ViewModels */ = {
			isa = PBXGroup;
			children = (
			);
			path = ViewModels;
			sourceTree = "<group>";
		};
		B7FCB27629F801DC008E85B0 /* Views */ = {
			isa = PBXGroup;
			children = (
				B7FCB27729F801EB008E85B0 /* NewTweetView.swift */,
			);
			path = Views;
			sourceTree = "<group>";
		};
		B7FE190429F71282003E36B2 /* Views */ = {
			isa = PBXGroup;
			children = (
				B7FE190629F712A1003E36B2 /* ProfileView.swift */,
			);
			path = Views;
			sourceTree = "<group>";
		};
		B7FE190529F7128F003E36B2 /* ViewModels */ = {
			isa = PBXGroup;
			children = (
				B7FE190829F719E8003E36B2 /* TweetFilterViewModel.swift */,
			);
			path = ViewModels;
			sourceTree = "<group>";
		};
/* End PBXGroup section */

/* Begin PBXNativeTarget section */
		B7AD63F829F6F48F0058A59E /* TwitterSwiftUIClone */ = {
			isa = PBXNativeTarget;
			buildConfigurationList = B7AD640729F6F4900058A59E /* Build configuration list for PBXNativeTarget "TwitterSwiftUIClone" */;
			buildPhases = (
				B7AD63F529F6F48F0058A59E /* Sources */,
				B7AD63F629F6F48F0058A59E /* Frameworks */,
				B7AD63F729F6F48F0058A59E /* Resources */,
			);
			buildRules = (
			);
			dependencies = (
			);
			name = TwitterSwiftUIClone;
			packageProductDependencies = (
				B779A89729F9419F0035408B /* FirebaseAuth */,
				B779A89929F9419F0035408B /* FirebaseFirestore */,
				B779A89B29F9419F0035408B /* FirebaseFirestoreSwift */,
				B779A89D29F9419F0035408B /* FirebaseStorage */,
			);
			productName = TwitterSwiftUIClone;
			productReference = B7AD63F929F6F48F0058A59E /* TwitterSwiftUIClone.app */;
			productType = "com.apple.product-type.application";
		};
/* End PBXNativeTarget section */

/* Begin PBXProject section */
		B7AD63F129F6F48F0058A59E /* Project object */ = {
			isa = PBXProject;
			attributes = {
				BuildIndependentTargetsInParallel = 1;
				LastSwiftUpdateCheck = 1430;
				LastUpgradeCheck = 1430;
				TargetAttributes = {
					B7AD63F829F6F48F0058A59E = {
						CreatedOnToolsVersion = 14.3;
					};
				};
			};
			buildConfigurationList = B7AD63F429F6F48F0058A59E /* Build configuration list for PBXProject "TwitterSwiftUIClone" */;
			compatibilityVersion = "Xcode 14.0";
			developmentRegion = en;
			hasScannedForEncodings = 0;
			knownRegions = (
				en,
				Base,
			);
			mainGroup = B7AD63F029F6F48F0058A59E;
			packageReferences = (
				B779A89629F9419F0035408B /* XCRemoteSwiftPackageReference "firebase-ios-sdk" */,
			);
			productRefGroup = B7AD63FA29F6F48F0058A59E /* Products */;
			projectDirPath = "";
			projectRoot = "";
			targets = (
				B7AD63F829F6F48F0058A59E /* TwitterSwiftUIClone */,
			);
		};
/* End PBXProject section */

/* Begin PBXResourcesBuildPhase section */
		B7AD63F729F6F48F0058A59E /* Resources */ = {
			isa = PBXResourcesBuildPhase;
			buildActionMask = 2147483647;
			files = (
				B7AD640429F6F4900058A59E /* Preview Assets.xcassets in Resources */,
				B7AD640129F6F4900058A59E /* Assets.xcassets in Resources */,
				B779A89529F940E20035408B /* GoogleService-Info.plist in Resources */,
			);
			runOnlyForDeploymentPostprocessing = 0;
		};
/* End PBXResourcesBuildPhase section */

/* Begin PBXSourcesBuildPhase section */
		B7AD63F529F6F48F0058A59E /* Sources */ = {
			isa = PBXSourcesBuildPhase;
			buildActionMask = 2147483647;
			files = (
				B72EB9B129F7113600822595 /* MessagesView.swift in Sources */,
				B7FE190729F712A1003E36B2 /* ProfileView.swift in Sources */,
				B7B842F229FC099A00B5FD16 /* UserService.swift in Sources */,
				B7BB0C6329FA94A200084A9C /* ImagePicker.swift in Sources */,
				B7AD63FF29F6F48F0058A59E /* ContentView.swift in Sources */,
				B72EB9A429F708F700822595 /* TweetRowView.swift in Sources */,
				B7BB0C6529FAA2F800084A9C /* ImageUploader.swift in Sources */,
				B71DAD1C29F9373400E83E80 /* CustomInputField.swift in Sources */,
				B7FE190929F719E8003E36B2 /* TweetFilterViewModel.swift in Sources */,
				B72EB9A129F707BC00822595 /* FeedView.swift in Sources */,
				B71DAD1629F9201A00E83E80 /* LogInView.swift in Sources */,
				B7BB0C6029FA84A100084A9C /* ProfilePhotoSelectorView.swift in Sources */,
				B7A4FAFF29F7E6A000C6A6DC /* SideMenuView.swift in Sources */,
				B7AD63FD29F6F48F0058A59E /* TwitterSwiftUICloneApp.swift in Sources */,
				B72EB9AD29F7100B00822595 /* ExploreView.swift in Sources */,
				B7A4FB0329F7E6C400C6A6DC /* SideMenuViewModel.swift in Sources */,
				B7FCB27A29F80456008E85B0 /* TextArea.swift in Sources */,
				B7A4FAFA29F7E1AA00C6A6DC /* UserRowView.swift in Sources */,
				B71DAD1829F9203700E83E80 /* RegistrationView.swift in Sources */,
				B7FCB27829F801EB008E85B0 /* NewTweetView.swift in Sources */,
				B7B842F429FC0BD300B5FD16 /* User.swift in Sources */,
				B71DAD1F29F93A0100E83E80 /* AuthenticationHeader.swift in Sources */,
				B779A8A029F943D30035408B /* AuthViewModel.swift in Sources */,
				B71DAD1A29F9217100E83E80 /* RoundedShape.swift in Sources */,
				B7A4FB0729F7F38000C6A6DC /* SideMenuOptionRowView.swift in Sources */,
				B72EB9A729F70EF000822595 /* MainTabView.swift in Sources */,
				B72EB9AF29F7110800822595 /* NotificationsView.swift in Sources */,
				B7A4FB0529F7E8D000C6A6DC /* UserStatsView.swift in Sources */,
			);
			runOnlyForDeploymentPostprocessing = 0;
		};
/* End PBXSourcesBuildPhase section */

/* Begin XCBuildConfiguration section */
		B7AD640529F6F4900058A59E /* Debug */ = {
			isa = XCBuildConfiguration;
			buildSettings = {
				ALWAYS_SEARCH_USER_PATHS = NO;
				CLANG_ANALYZER_NONNULL = YES;
				CLANG_ANALYZER_NUMBER_OBJECT_CONVERSION = YES_AGGRESSIVE;
				CLANG_CXX_LANGUAGE_STANDARD = "gnu++20";
				CLANG_ENABLE_MODULES = YES;
				CLANG_ENABLE_OBJC_ARC = YES;
				CLANG_ENABLE_OBJC_WEAK = YES;
				CLANG_WARN_BLOCK_CAPTURE_AUTORELEASING = YES;
				CLANG_WARN_BOOL_CONVERSION = YES;
				CLANG_WARN_COMMA = YES;
				CLANG_WARN_CONSTANT_CONVERSION = YES;
				CLANG_WARN_DEPRECATED_OBJC_IMPLEMENTATIONS = YES;
				CLANG_WARN_DIRECT_OBJC_ISA_USAGE = YES_ERROR;
				CLANG_WARN_DOCUMENTATION_COMMENTS = YES;
				CLANG_WARN_EMPTY_BODY = YES;
				CLANG_WARN_ENUM_CONVERSION = YES;
				CLANG_WARN_INFINITE_RECURSION = YES;
				CLANG_WARN_INT_CONVERSION = YES;
				CLANG_WARN_NON_LITERAL_NULL_CONVERSION = YES;
				CLANG_WARN_OBJC_IMPLICIT_RETAIN_SELF = YES;
				CLANG_WARN_OBJC_LITERAL_CONVERSION = YES;
				CLANG_WARN_OBJC_ROOT_CLASS = YES_ERROR;
				CLANG_WARN_QUOTED_INCLUDE_IN_FRAMEWORK_HEADER = YES;
				CLANG_WARN_RANGE_LOOP_ANALYSIS = YES;
				CLANG_WARN_STRICT_PROTOTYPES = YES;
				CLANG_WARN_SUSPICIOUS_MOVE = YES;
				CLANG_WARN_UNGUARDED_AVAILABILITY = YES_AGGRESSIVE;
				CLANG_WARN_UNREACHABLE_CODE = YES;
				CLANG_WARN__DUPLICATE_METHOD_MATCH = YES;
				COPY_PHASE_STRIP = NO;
				DEBUG_INFORMATION_FORMAT = dwarf;
				ENABLE_STRICT_OBJC_MSGSEND = YES;
				ENABLE_TESTABILITY = YES;
				GCC_C_LANGUAGE_STANDARD = gnu11;
				GCC_DYNAMIC_NO_PIC = NO;
				GCC_NO_COMMON_BLOCKS = YES;
				GCC_OPTIMIZATION_LEVEL = 0;
				GCC_PREPROCESSOR_DEFINITIONS = (
					"DEBUG=1",
					"$(inherited)",
				);
				GCC_WARN_64_TO_32_BIT_CONVERSION = YES;
				GCC_WARN_ABOUT_RETURN_TYPE = YES_ERROR;
				GCC_WARN_UNDECLARED_SELECTOR = YES;
				GCC_WARN_UNINITIALIZED_AUTOS = YES_AGGRESSIVE;
				GCC_WARN_UNUSED_FUNCTION = YES;
				GCC_WARN_UNUSED_VARIABLE = YES;
				IPHONEOS_DEPLOYMENT_TARGET = 16.4;
				MTL_ENABLE_DEBUG_INFO = INCLUDE_SOURCE;
				MTL_FAST_MATH = YES;
				ONLY_ACTIVE_ARCH = YES;
				SDKROOT = iphoneos;
				SWIFT_ACTIVE_COMPILATION_CONDITIONS = DEBUG;
				SWIFT_OPTIMIZATION_LEVEL = "-Onone";
			};
			name = Debug;
		};
		B7AD640629F6F4900058A59E /* Release */ = {
			isa = XCBuildConfiguration;
			buildSettings = {
				ALWAYS_SEARCH_USER_PATHS = NO;
				CLANG_ANALYZER_NONNULL = YES;
				CLANG_ANALYZER_NUMBER_OBJECT_CONVERSION = YES_AGGRESSIVE;
				CLANG_CXX_LANGUAGE_STANDARD = "gnu++20";
				CLANG_ENABLE_MODULES = YES;
				CLANG_ENABLE_OBJC_ARC = YES;
				CLANG_ENABLE_OBJC_WEAK = YES;
				CLANG_WARN_BLOCK_CAPTURE_AUTORELEASING = YES;
				CLANG_WARN_BOOL_CONVERSION = YES;
				CLANG_WARN_COMMA = YES;
				CLANG_WARN_CONSTANT_CONVERSION = YES;
				CLANG_WARN_DEPRECATED_OBJC_IMPLEMENTATIONS = YES;
				CLANG_WARN_DIRECT_OBJC_ISA_USAGE = YES_ERROR;
				CLANG_WARN_DOCUMENTATION_COMMENTS = YES;
				CLANG_WARN_EMPTY_BODY = YES;
				CLANG_WARN_ENUM_CONVERSION = YES;
				CLANG_WARN_INFINITE_RECURSION = YES;
				CLANG_WARN_INT_CONVERSION = YES;
				CLANG_WARN_NON_LITERAL_NULL_CONVERSION = YES;
				CLANG_WARN_OBJC_IMPLICIT_RETAIN_SELF = YES;
				CLANG_WARN_OBJC_LITERAL_CONVERSION = YES;
				CLANG_WARN_OBJC_ROOT_CLASS = YES_ERROR;
				CLANG_WARN_QUOTED_INCLUDE_IN_FRAMEWORK_HEADER = YES;
				CLANG_WARN_RANGE_LOOP_ANALYSIS = YES;
				CLANG_WARN_STRICT_PROTOTYPES = YES;
				CLANG_WARN_SUSPICIOUS_MOVE = YES;
				CLANG_WARN_UNGUARDED_AVAILABILITY = YES_AGGRESSIVE;
				CLANG_WARN_UNREACHABLE_CODE = YES;
				CLANG_WARN__DUPLICATE_METHOD_MATCH = YES;
				COPY_PHASE_STRIP = NO;
				DEBUG_INFORMATION_FORMAT = "dwarf-with-dsym";
				ENABLE_NS_ASSERTIONS = NO;
				ENABLE_STRICT_OBJC_MSGSEND = YES;
				GCC_C_LANGUAGE_STANDARD = gnu11;
				GCC_NO_COMMON_BLOCKS = YES;
				GCC_WARN_64_TO_32_BIT_CONVERSION = YES;
				GCC_WARN_ABOUT_RETURN_TYPE = YES_ERROR;
				GCC_WARN_UNDECLARED_SELECTOR = YES;
				GCC_WARN_UNINITIALIZED_AUTOS = YES_AGGRESSIVE;
				GCC_WARN_UNUSED_FUNCTION = YES;
				GCC_WARN_UNUSED_VARIABLE = YES;
				IPHONEOS_DEPLOYMENT_TARGET = 16.4;
				MTL_ENABLE_DEBUG_INFO = NO;
				MTL_FAST_MATH = YES;
				SDKROOT = iphoneos;
				SWIFT_COMPILATION_MODE = wholemodule;
				SWIFT_OPTIMIZATION_LEVEL = "-O";
				VALIDATE_PRODUCT = YES;
			};
			name = Release;
		};
		B7AD640829F6F4900058A59E /* Debug */ = {
			isa = XCBuildConfiguration;
			buildSettings = {
				ASSETCATALOG_COMPILER_APPICON_NAME = AppIcon;
				ASSETCATALOG_COMPILER_GLOBAL_ACCENT_COLOR_NAME = AccentColor;
				CODE_SIGN_STYLE = Automatic;
				CURRENT_PROJECT_VERSION = 1;
				DEVELOPMENT_ASSET_PATHS = "\"TwitterSwiftUIClone/Preview Content\"";
				DEVELOPMENT_TEAM = 6MCGW4D96C;
				ENABLE_PREVIEWS = YES;
				GENERATE_INFOPLIST_FILE = YES;
				INFOPLIST_KEY_UIApplicationSceneManifest_Generation = YES;
				INFOPLIST_KEY_UIApplicationSupportsIndirectInputEvents = YES;
				INFOPLIST_KEY_UILaunchScreen_Generation = YES;
				INFOPLIST_KEY_UISupportedInterfaceOrientations_iPad = "UIInterfaceOrientationPortrait UIInterfaceOrientationPortraitUpsideDown UIInterfaceOrientationLandscapeLeft UIInterfaceOrientationLandscapeRight";
				INFOPLIST_KEY_UISupportedInterfaceOrientations_iPhone = "UIInterfaceOrientationPortrait UIInterfaceOrientationLandscapeLeft UIInterfaceOrientationLandscapeRight";
				LD_RUNPATH_SEARCH_PATHS = (
					"$(inherited)",
					"@executable_path/Frameworks",
				);
				MARKETING_VERSION = 1.0;
				PRODUCT_BUNDLE_IDENTIFIER = com.dimitrijevolarevic.TwitterSwiftUIClone;
				PRODUCT_NAME = "$(TARGET_NAME)";
				SWIFT_EMIT_LOC_STRINGS = YES;
				SWIFT_VERSION = 5.0;
				TARGETED_DEVICE_FAMILY = "1,2";
			};
			name = Debug;
		};
		B7AD640929F6F4900058A59E /* Release */ = {
			isa = XCBuildConfiguration;
			buildSettings = {
				ASSETCATALOG_COMPILER_APPICON_NAME = AppIcon;
				ASSETCATALOG_COMPILER_GLOBAL_ACCENT_COLOR_NAME = AccentColor;
				CODE_SIGN_STYLE = Automatic;
				CURRENT_PROJECT_VERSION = 1;
				DEVELOPMENT_ASSET_PATHS = "\"TwitterSwiftUIClone/Preview Content\"";
				DEVELOPMENT_TEAM = 6MCGW4D96C;
				ENABLE_PREVIEWS = YES;
				GENERATE_INFOPLIST_FILE = YES;
				INFOPLIST_KEY_UIApplicationSceneManifest_Generation = YES;
				INFOPLIST_KEY_UIApplicationSupportsIndirectInputEvents = YES;
				INFOPLIST_KEY_UILaunchScreen_Generation = YES;
				INFOPLIST_KEY_UISupportedInterfaceOrientations_iPad = "UIInterfaceOrientationPortrait UIInterfaceOrientationPortraitUpsideDown UIInterfaceOrientationLandscapeLeft UIInterfaceOrientationLandscapeRight";
				INFOPLIST_KEY_UISupportedInterfaceOrientations_iPhone = "UIInterfaceOrientationPortrait UIInterfaceOrientationLandscapeLeft UIInterfaceOrientationLandscapeRight";
				LD_RUNPATH_SEARCH_PATHS = (
					"$(inherited)",
					"@executable_path/Frameworks",
				);
				MARKETING_VERSION = 1.0;
				PRODUCT_BUNDLE_IDENTIFIER = com.dimitrijevolarevic.TwitterSwiftUIClone;
				PRODUCT_NAME = "$(TARGET_NAME)";
				SWIFT_EMIT_LOC_STRINGS = YES;
				SWIFT_VERSION = 5.0;
				TARGETED_DEVICE_FAMILY = "1,2";
			};
			name = Release;
		};
/* End XCBuildConfiguration section */

/* Begin XCConfigurationList section */
		B7AD63F429F6F48F0058A59E /* Build configuration list for PBXProject "TwitterSwiftUIClone" */ = {
			isa = XCConfigurationList;
			buildConfigurations = (
				B7AD640529F6F4900058A59E /* Debug */,
				B7AD640629F6F4900058A59E /* Release */,
			);
			defaultConfigurationIsVisible = 0;
			defaultConfigurationName = Release;
		};
		B7AD640729F6F4900058A59E /* Build configuration list for PBXNativeTarget "TwitterSwiftUIClone" */ = {
			isa = XCConfigurationList;
			buildConfigurations = (
				B7AD640829F6F4900058A59E /* Debug */,
				B7AD640929F6F4900058A59E /* Release */,
			);
			defaultConfigurationIsVisible = 0;
			defaultConfigurationName = Release;
		};
/* End XCConfigurationList section */

/* Begin XCRemoteSwiftPackageReference section */
		B779A89629F9419F0035408B /* XCRemoteSwiftPackageReference "firebase-ios-sdk" */ = {
			isa = XCRemoteSwiftPackageReference;
			repositoryURL = "https://github.com/firebase/firebase-ios-sdk";
			requirement = {
				kind = upToNextMajorVersion;
				minimumVersion = 10.0.0;
			};
		};
/* End XCRemoteSwiftPackageReference section */

/* Begin XCSwiftPackageProductDependency section */
		B779A89729F9419F0035408B /* FirebaseAuth */ = {
			isa = XCSwiftPackageProductDependency;
			package = B779A89629F9419F0035408B /* XCRemoteSwiftPackageReference "firebase-ios-sdk" */;
			productName = FirebaseAuth;
		};
		B779A89929F9419F0035408B /* FirebaseFirestore */ = {
			isa = XCSwiftPackageProductDependency;
			package = B779A89629F9419F0035408B /* XCRemoteSwiftPackageReference "firebase-ios-sdk" */;
			productName = FirebaseFirestore;
		};
		B779A89B29F9419F0035408B /* FirebaseFirestoreSwift */ = {
			isa = XCSwiftPackageProductDependency;
			package = B779A89629F9419F0035408B /* XCRemoteSwiftPackageReference "firebase-ios-sdk" */;
			productName = FirebaseFirestoreSwift;
		};
		B779A89D29F9419F0035408B /* FirebaseStorage */ = {
			isa = XCSwiftPackageProductDependency;
			package = B779A89629F9419F0035408B /* XCRemoteSwiftPackageReference "firebase-ios-sdk" */;
			productName = FirebaseStorage;
		};
/* End XCSwiftPackageProductDependency section */
	};
	rootObject = B7AD63F129F6F48F0058A59E /* Project object */;
}
